
Microsoft Visual Studio Solution File, Format Version 12.00
# Visual Studio 14
VisualStudioVersion = 14.0.25420.1
MinimumVisualStudioVersion = 10.0.40219.1
Project("{FAE04EC0-301F-11D3-BF4B-00C04F79EFBC}") = "CenturiesToMinutes", "CenturiesToMinutes\CenturiesToMinutes.csproj", "{87FBC738-3DBE-437C-92B2-1B2F46950ACE}"
EndProject
Project("{FAE04EC0-301F-11D3-BF4B-00C04F79EFBC}") = "CircleArea", "CircleArea\CircleArea.csproj", "{3C6730E3-8A3D-4F8F-96E9-0EAE32D27AE5}"
EndProject
Project("{FAE04EC0-301F-11D3-BF4B-00C04F79EFBC}") = "ExactSumOfRealNums", "ExactSumOfRealNums\ExactSumOfRealNums.csproj", "{B04D501D-0B8D-459E-9A43-1B41686998A9}"
EndProject
Project("{FAE04EC0-301F-11D3-BF4B-00C04F79EFBC}") = "Elevator", "Elevator\Elevator.csproj", "{62441846-4D04-45D4-8D7F-ED9F6914BA9E}"
EndProject
Project("{FAE04EC0-301F-11D3-BF4B-00C04F79EFBC}") = "SpecialNumber", "SpecialNumber\SpecialNumber.csproj", "{39EF323A-A464-4FC7-ABF9-0A39309AABC0}"
EndProject
Project("{FAE04EC0-301F-11D3-BF4B-00C04F79EFBC}") = "Triple", "Triple\Triple.csproj", "{CC19EE91-EA67-45F0-91BD-621E3B989108}"
EndProject
Global
	GlobalSection(SolutionConfigurationPlatforms) = preSolution
		Debug|Any CPU = Debug|Any CPU
		Release|Any CPU = Release|Any CPU
	EndGlobalSection
	GlobalSection(ProjectConfigurationPlatforms) = postSolution
		{87FBC738-3DBE-437C-92B2-1B2F46950ACE}.Debug|Any CPU.ActiveCfg = Debug|Any CPU
		{87FBC738-3DBE-437C-92B2-1B2F46950ACE}.Debug|Any CPU.Build.0 = Debug|Any CPU
		{87FBC738-3DBE-437C-92B2-1B2F46950ACE}.Release|Any CPU.ActiveCfg = Release|Any CPU
		{87FBC738-3DBE-437C-92B2-1B2F46950ACE}.Release|Any CPU.Build.0 = Release|Any CPU
		{3C6730E3-8A3D-4F8F-96E9-0EAE32D27AE5}.Debug|Any CPU.ActiveCfg = Debug|Any CPU
		{3C6730E3-8A3D-4F8F-96E9-0EAE32D27AE5}.Debug|Any CPU.Build.0 = Debug|Any CPU
		{3C6730E3-8A3D-4F8F-96E9-0EAE32D27AE5}.Release|Any CPU.ActiveCfg = Release|Any CPU
		{3C6730E3-8A3D-4F8F-96E9-0EAE32D27AE5}.Release|Any CPU.Build.0 = Release|Any CPU
		{B04D501D-0B8D-459E-9A43-1B41686998A9}.Debug|Any CPU.ActiveCfg = Debug|Any CPU
		{B04D501D-0B8D-459E-9A43-1B41686998A9}.Debug|Any CPU.Build.0 = Debug|Any CPU
		{B04D501D-0B8D-459E-9A43-1B41686998A9}.Release|Any CPU.ActiveCfg = Release|Any CPU
		{B04D501D-0B8D-459E-9A43-1B41686998A9}.Release|Any CPU.Build.0 = Release|Any CPU
		{62441846-4D04-45D4-8D7F-ED9F6914BA9E}.Debug|Any CPU.ActiveCfg = Debug|Any CPU
		{62441846-4D04-45D4-8D7F-ED9F6914BA9E}.Debug|Any CPU.Build.0 = Debug|Any CPU
		{62441846-4D04-45D4-8D7F-ED9F6914BA9E}.Release|Any CPU.ActiveCfg = Release|Any CPU
		{62441846-4D04-45D4-8D7F-ED9F6914BA9E}.Release|Any CPU.Build.0 = Release|Any CPU
		{39EF323A-A464-4FC7-ABF9-0A39309AABC0}.Debug|Any CPU.ActiveCfg = Debug|Any CPU
		{39EF323A-A464-4FC7-ABF9-0A39309AABC0}.Debug|Any CPU.Build.0 = Debug|Any CPU
		{39EF323A-A464-4FC7-ABF9-0A39309AABC0}.Release|Any CPU.ActiveCfg = Release|Any CPU
		{39EF323A-A464-4FC7-ABF9-0A39309AABC0}.Release|Any CPU.Build.0 = Release|Any CPU
		{CC19EE91-EA67-45F0-91BD-621E3B989108}.Debug|Any CPU.ActiveCfg = Debug|Any CPU
		{CC19EE91-EA67-45F0-91BD-621E3B989108}.Debug|Any CPU.Build.0 = Debug|Any CPU
		{CC19EE91-EA67-45F0-91BD-621E3B989108}.Release|Any CPU.ActiveCfg = Release|Any CPU
		{CC19EE91-EA67-45F0-91BD-621E3B989108}.Release|Any CPU.Build.0 = Release|Any CPU
	EndGlobalSection
	GlobalSection(SolutionProperties) = preSolution
		HideSolutionNode = FALSE
	EndGlobalSection
EndGlobal
